
Microsoft Visual Studio Solution File, Format Version 12.00
# Visual Studio 14
VisualStudioVersion = 14.0.23107.0
MinimumVisualStudioVersion = 10.0.40219.1
Project("{FAE04EC0-301F-11D3-BF4B-00C04F79EFBC}") = "WindowsFormsApplication1", "WindowsFormsApplication1\WindowsFormsApplication1.csproj", "{9937C55E-5223-4642-907C-346BBCB49A22}"
EndProject
Project("{FAE04EC0-301F-11D3-BF4B-00C04F79EFBC}") = "sistema.DAL", "sistema.DAL\sistema.DAL.csproj", "{905F719B-B385-49E2-8B4A-C658D89B0301}"
EndProject
Global
	GlobalSection(SolutionConfigurationPlatforms) = preSolution
		Debug|Any CPU = Debug|Any CPU
		Release|Any CPU = Release|Any CPU
	EndGlobalSection
	GlobalSection(ProjectConfigurationPlatforms) = postSolution
		{9937C55E-5223-4642-907C-346BBCB49A22}.Debug|Any CPU.ActiveCfg = Debug|Any CPU
		{9937C55E-5223-4642-907C-346BBCB49A22}.Debug|Any CPU.Build.0 = Debug|Any CPU
		{9937C55E-5223-4642-907C-346BBCB49A22}.Release|Any CPU.ActiveCfg = Release|Any CPU
		{9937C55E-5223-4642-907C-346BBCB49A22}.Release|Any CPU.Build.0 = Release|Any CPU
		{905F719B-B385-49E2-8B4A-C658D89B0301}.Debug|Any CPU.ActiveCfg = Debug|Any CPU
		{905F719B-B385-49E2-8B4A-C658D89B0301}.Debug|Any CPU.Build.0 = Debug|Any CPU
		{905F719B-B385-49E2-8B4A-C658D89B0301}.Release|Any CPU.ActiveCfg = Release|Any CPU
		{905F719B-B385-49E2-8B4A-C658D89B0301}.Release|Any CPU.Build.0 = Release|Any CPU
	EndGlobalSection
	GlobalSection(SolutionProperties) = preSolution
		HideSolutionNode = FALSE
	EndGlobalSection
EndGlobal
